
Microsoft Visual Studio Solution File, Format Version 12.00
# Visual Studio Version 17
VisualStudioVersion = 17.5.002.0
MinimumVisualStudioVersion = 10.0.40219.1
Project("{2150E333-8FDC-42A3-9474-1A3956D46DE8}") = "src", "src", "{94785838-AA22-44B7-B6F4-6DCC1CCB8AEB}"
EndProject
Project("{2150E333-8FDC-42A3-9474-1A3956D46DE8}") = "tests", "tests", "{75B359A6-F966-4AA0-B5D2-AE81F92E0F53}"
EndProject
Project("{2150E333-8FDC-42A3-9474-1A3956D46DE8}") = "06_03_2024", "06_03_2024", "{88F322CC-A04C-479A-8002-A2E422A6D118}"
EndProject
Project("{9A19103F-16F7-4668-BE54-9A1E7A4F7556}") = "Bank", "src\tests\06_03_2024\Bank\Bank.csproj", "{AE166677-FBB7-4992-9942-30F0AF41F7E9}"
EndProject
Project("{2150E333-8FDC-42A3-9474-1A3956D46DE8}") = "classworks", "classworks", "{F2C5DB5D-FCA3-4821-ABFD-725B0E5CAAD9}"
EndProject
Project("{2150E333-8FDC-42A3-9474-1A3956D46DE8}") = "28_02_2024", "28_02_2024", "{A25198E7-C84C-4B3F-8BF4-981DB2B5AC41}"
EndProject
Project("{9A19103F-16F7-4668-BE54-9A1E7A4F7556}") = "Computers", "src\classworks\28_02_2024\Computers\Computers.csproj", "{438688FC-8BEC-44A9-BB85-AAE2D5D5DEBF}"
EndProject
Project("{FAE04EC0-301F-11D3-BF4B-00C04F79EFBC}") = "BookStore", "src\classworks\03_04_2024\BookStore\BookStore.csproj", "{B6488D4E-38BA-4169-8972-2DBC5FB48A22}"
EndProject
Project("{FAE04EC0-301F-11D3-BF4B-00C04F79EFBC}") = "BookStore.Tests", "src\classworks\03_04_2024\BookStore.Tests\BookStore.Tests.csproj", "{F8D08034-8A10-4D7A-B7D9-1F729EFA5F54}"
EndProject
Project("{FAE04EC0-301F-11D3-BF4B-00C04F79EFBC}") = "Hospital", "src\classworks\01_05_2024\Hospital\Hospital.csproj", "{BC1AD8A7-61FC-46CD-8813-3551DEEABF56}"
EndProject
Project("{FAE04EC0-301F-11D3-BF4B-00C04F79EFBC}") = "HospitalTests", "src\classworks\01_05_2024\HospitalTests\HospitalTests.csproj", "{BB2B0940-C9BE-420C-B029-27F81291E544}"
EndProject
Global
	GlobalSection(SolutionConfigurationPlatforms) = preSolution
		Debug|Any CPU = Debug|Any CPU
		Release|Any CPU = Release|Any CPU
	EndGlobalSection
	GlobalSection(ProjectConfigurationPlatforms) = postSolution
		{AE166677-FBB7-4992-9942-30F0AF41F7E9}.Debug|Any CPU.ActiveCfg = Debug|Any CPU
		{AE166677-FBB7-4992-9942-30F0AF41F7E9}.Debug|Any CPU.Build.0 = Debug|Any CPU
		{AE166677-FBB7-4992-9942-30F0AF41F7E9}.Release|Any CPU.ActiveCfg = Release|Any CPU
		{AE166677-FBB7-4992-9942-30F0AF41F7E9}.Release|Any CPU.Build.0 = Release|Any CPU
		{438688FC-8BEC-44A9-BB85-AAE2D5D5DEBF}.Debug|Any CPU.ActiveCfg = Debug|Any CPU
		{438688FC-8BEC-44A9-BB85-AAE2D5D5DEBF}.Debug|Any CPU.Build.0 = Debug|Any CPU
		{438688FC-8BEC-44A9-BB85-AAE2D5D5DEBF}.Release|Any CPU.ActiveCfg = Release|Any CPU
		{438688FC-8BEC-44A9-BB85-AAE2D5D5DEBF}.Release|Any CPU.Build.0 = Release|Any CPU
		{92E71F75-EFA9-4971-BF45-E028DE33432A}.Debug|Any CPU.ActiveCfg = Debug|Any CPU
		{92E71F75-EFA9-4971-BF45-E028DE33432A}.Debug|Any CPU.Build.0 = Debug|Any CPU
		{92E71F75-EFA9-4971-BF45-E028DE33432A}.Release|Any CPU.ActiveCfg = Release|Any CPU
		{92E71F75-EFA9-4971-BF45-E028DE33432A}.Release|Any CPU.Build.0 = Release|Any CPU
		{D85621C5-C5BB-41DA-9345-820C6DFAA042}.Debug|Any CPU.ActiveCfg = Debug|Any CPU
		{D85621C5-C5BB-41DA-9345-820C6DFAA042}.Debug|Any CPU.Build.0 = Debug|Any CPU
		{D85621C5-C5BB-41DA-9345-820C6DFAA042}.Release|Any CPU.ActiveCfg = Release|Any CPU
		{D85621C5-C5BB-41DA-9345-820C6DFAA042}.Release|Any CPU.Build.0 = Release|Any CPU
		{55936DFC-BD95-4765-8D57-32EDC31312AD}.Debug|Any CPU.ActiveCfg = Debug|Any CPU
		{55936DFC-BD95-4765-8D57-32EDC31312AD}.Debug|Any CPU.Build.0 = Debug|Any CPU
		{55936DFC-BD95-4765-8D57-32EDC31312AD}.Release|Any CPU.ActiveCfg = Release|Any CPU
		{55936DFC-BD95-4765-8D57-32EDC31312AD}.Release|Any CPU.Build.0 = Release|Any CPU
		{B6488D4E-38BA-4169-8972-2DBC5FB48A22}.Debug|Any CPU.ActiveCfg = Debug|Any CPU
		{B6488D4E-38BA-4169-8972-2DBC5FB48A22}.Debug|Any CPU.Build.0 = Debug|Any CPU
		{B6488D4E-38BA-4169-8972-2DBC5FB48A22}.Release|Any CPU.ActiveCfg = Release|Any CPU
		{B6488D4E-38BA-4169-8972-2DBC5FB48A22}.Release|Any CPU.Build.0 = Release|Any CPU
		{F8D08034-8A10-4D7A-B7D9-1F729EFA5F54}.Debug|Any CPU.ActiveCfg = Debug|Any CPU
		{F8D08034-8A10-4D7A-B7D9-1F729EFA5F54}.Debug|Any CPU.Build.0 = Debug|Any CPU
		{F8D08034-8A10-4D7A-B7D9-1F729EFA5F54}.Release|Any CPU.ActiveCfg = Release|Any CPU
		{F8D08034-8A10-4D7A-B7D9-1F729EFA5F54}.Release|Any CPU.Build.0 = Release|Any CPU
		{BC1AD8A7-61FC-46CD-8813-3551DEEABF56}.Debug|Any CPU.ActiveCfg = Debug|Any CPU
		{BC1AD8A7-61FC-46CD-8813-3551DEEABF56}.Debug|Any CPU.Build.0 = Debug|Any CPU
		{BC1AD8A7-61FC-46CD-8813-3551DEEABF56}.Release|Any CPU.ActiveCfg = Release|Any CPU
		{BC1AD8A7-61FC-46CD-8813-3551DEEABF56}.Release|Any CPU.Build.0 = Release|Any CPU
		{BB2B0940-C9BE-420C-B029-27F81291E544}.Debug|Any CPU.ActiveCfg = Debug|Any CPU
		{BB2B0940-C9BE-420C-B029-27F81291E544}.Debug|Any CPU.Build.0 = Debug|Any CPU
		{BB2B0940-C9BE-420C-B029-27F81291E544}.Release|Any CPU.ActiveCfg = Release|Any CPU
		{BB2B0940-C9BE-420C-B029-27F81291E544}.Release|Any CPU.Build.0 = Release|Any CPU
	EndGlobalSection
	GlobalSection(SolutionProperties) = preSolution
		HideSolutionNode = FALSE
	EndGlobalSection
	GlobalSection(NestedProjects) = preSolution
		{75B359A6-F966-4AA0-B5D2-AE81F92E0F53} = {94785838-AA22-44B7-B6F4-6DCC1CCB8AEB}
		{88F322CC-A04C-479A-8002-A2E422A6D118} = {75B359A6-F966-4AA0-B5D2-AE81F92E0F53}
		{AE166677-FBB7-4992-9942-30F0AF41F7E9} = {88F322CC-A04C-479A-8002-A2E422A6D118}
		{F2C5DB5D-FCA3-4821-ABFD-725B0E5CAAD9} = {94785838-AA22-44B7-B6F4-6DCC1CCB8AEB}
		{A25198E7-C84C-4B3F-8BF4-981DB2B5AC41} = {F2C5DB5D-FCA3-4821-ABFD-725B0E5CAAD9}
		{438688FC-8BEC-44A9-BB85-AAE2D5D5DEBF} = {A25198E7-C84C-4B3F-8BF4-981DB2B5AC41}
		{CE9C9B20-FA9B-4C0F-8969-8A14E7CBDE23} = {F2C5DB5D-FCA3-4821-ABFD-725B0E5CAAD9}
		{D85621C5-C5BB-41DA-9345-820C6DFAA042} = {CE9C9B20-FA9B-4C0F-8969-8A14E7CBDE23}
		{55936DFC-BD95-4765-8D57-32EDC31312AD} = {CE9C9B20-FA9B-4C0F-8969-8A14E7CBDE23}
		{F8D08034-8A10-4D7A-B7D9-1F729EFA5F54} = {CE9C9B20-FA9B-4C0F-8969-8A14E7CBDE23}
		{8DE2289B-629C-4AC6-A247-E659784EB37C} = {F2C5DB5D-FCA3-4821-ABFD-725B0E5CAAD9}
		{BC1AD8A7-61FC-46CD-8813-3551DEEABF56} = {8DE2289B-629C-4AC6-A247-E659784EB37C}
		{BB2B0940-C9BE-420C-B029-27F81291E544} = {8DE2289B-629C-4AC6-A247-E659784EB37C}
	EndGlobalSection
	GlobalSection(ExtensibilityGlobals) = postSolution
		SolutionGuid = {73AD8D5A-7083-4A7B-A7D8-A2EDB25C1C2D}
	EndGlobalSection
EndGlobal
