
Microsoft Visual Studio Solution File, Format Version 12.00
# Visual Studio Version 17
VisualStudioVersion = 17.0.31903.59
MinimumVisualStudioVersion = 10.0.40219.1
Project("{2150E333-8FDC-42A3-9474-1A3956D46DE8}") = "src", "src", "{D293DAEE-18F3-4F6A-9F1A-279E088A48CD}"
EndProject
Project("{2150E333-8FDC-42A3-9474-1A3956D46DE8}") = "classworks", "classworks", "{23DE71AD-04AB-4B92-9C5D-12AF4B40E6FC}"
EndProject
Project("{2150E333-8FDC-42A3-9474-1A3956D46DE8}") = "28_02_2024", "28_02_2024", "{4264383B-0E1B-41AF-AA1B-94331B41B81B}"
EndProject
Project("{FAE04EC0-301F-11D3-BF4B-00C04F79EFBC}") = "Computers", "src\classworks\28_02_2024\Computers\Computers.csproj", "{86B1D65C-F9D6-43E8-A49A-6420525CF89E}"
EndProject
Global
	GlobalSection(SolutionConfigurationPlatforms) = preSolution
		Debug|Any CPU = Debug|Any CPU
		Release|Any CPU = Release|Any CPU
	EndGlobalSection
	GlobalSection(SolutionProperties) = preSolution
		HideSolutionNode = FALSE
	EndGlobalSection
	GlobalSection(ProjectConfigurationPlatforms) = postSolution
		{86B1D65C-F9D6-43E8-A49A-6420525CF89E}.Debug|Any CPU.ActiveCfg = Debug|Any CPU
		{86B1D65C-F9D6-43E8-A49A-6420525CF89E}.Debug|Any CPU.Build.0 = Debug|Any CPU
		{86B1D65C-F9D6-43E8-A49A-6420525CF89E}.Release|Any CPU.ActiveCfg = Release|Any CPU
		{86B1D65C-F9D6-43E8-A49A-6420525CF89E}.Release|Any CPU.Build.0 = Release|Any CPU
	EndGlobalSection
	GlobalSection(NestedProjects) = preSolution
		{23DE71AD-04AB-4B92-9C5D-12AF4B40E6FC} = {D293DAEE-18F3-4F6A-9F1A-279E088A48CD}
		{4264383B-0E1B-41AF-AA1B-94331B41B81B} = {23DE71AD-04AB-4B92-9C5D-12AF4B40E6FC}
		{86B1D65C-F9D6-43E8-A49A-6420525CF89E} = {4264383B-0E1B-41AF-AA1B-94331B41B81B}
	EndGlobalSection
EndGlobal
